
Microsoft Visual Studio Solution File, Format Version 12.00
# Visual Studio Version 17
VisualStudioVersion = 17.14.36121.58
MinimumVisualStudioVersion = 10.0.40219.1
Project("{2150E333-8FDC-42A3-9474-1A3956D46DE8}") = "Services", "Services", "{02EA681E-C7D8-13C7-8484-4AC65E1B71E8}"
EndProject
Project("{2150E333-8FDC-42A3-9474-1A3956D46DE8}") = "Catalog", "Catalog", "{3D6D6F50-D9E5-42F2-8246-772F21FF225A}"
EndProject
Project("{FAE04EC0-301F-11D3-BF4B-00C04F79EFBC}") = "Catalog.API", "Services\Catalog\Catalog.API\Catalog.API.csproj", "{07C8A8D0-B858-44BB-A079-EF87462F90D6}"
EndProject
Project("{2150E333-8FDC-42A3-9474-1A3956D46DE8}") = "BuildingBlocks", "BuildingBlocks", "{C4C80379-3598-4A39-ADBF-0512051A9947}"
EndProject
Project("{FAE04EC0-301F-11D3-BF4B-00C04F79EFBC}") = "BuildingBlocks", "BuildingBlocks\BuildingBlocks\BuildingBlocks.csproj", "{E47D3585-4423-4787-BC66-E49935330AA0}"
EndProject
Global
	GlobalSection(SolutionConfigurationPlatforms) = preSolution
		Debug|Any CPU = Debug|Any CPU
		Release|Any CPU = Release|Any CPU
	EndGlobalSection
	GlobalSection(ProjectConfigurationPlatforms) = postSolution
		{07C8A8D0-B858-44BB-A079-EF87462F90D6}.Debug|Any CPU.ActiveCfg = Debug|Any CPU
		{07C8A8D0-B858-44BB-A079-EF87462F90D6}.Debug|Any CPU.Build.0 = Debug|Any CPU
		{07C8A8D0-B858-44BB-A079-EF87462F90D6}.Release|Any CPU.ActiveCfg = Release|Any CPU
		{07C8A8D0-B858-44BB-A079-EF87462F90D6}.Release|Any CPU.Build.0 = Release|Any CPU
		{E47D3585-4423-4787-BC66-E49935330AA0}.Debug|Any CPU.ActiveCfg = Debug|Any CPU
		{E47D3585-4423-4787-BC66-E49935330AA0}.Debug|Any CPU.Build.0 = Debug|Any CPU
		{E47D3585-4423-4787-BC66-E49935330AA0}.Release|Any CPU.ActiveCfg = Release|Any CPU
		{E47D3585-4423-4787-BC66-E49935330AA0}.Release|Any CPU.Build.0 = Release|Any CPU
	EndGlobalSection
	GlobalSection(SolutionProperties) = preSolution
		HideSolutionNode = FALSE
	EndGlobalSection
	GlobalSection(NestedProjects) = preSolution
		{3D6D6F50-D9E5-42F2-8246-772F21FF225A} = {02EA681E-C7D8-13C7-8484-4AC65E1B71E8}
		{07C8A8D0-B858-44BB-A079-EF87462F90D6} = {3D6D6F50-D9E5-42F2-8246-772F21FF225A}
		{E47D3585-4423-4787-BC66-E49935330AA0} = {C4C80379-3598-4A39-ADBF-0512051A9947}
	EndGlobalSection
	GlobalSection(ExtensibilityGlobals) = postSolution
		SolutionGuid = {199EBFBD-DB58-4DFA-B3C6-86FCC70DED03}
	EndGlobalSection
EndGlobal
